{
  "version": 4,
  "terraform_version": "1.4.6",
  "serial": 22,
  "lineage": "5f763a16-0502-e260-a786-836b087627f2",
  "outputs": {},
  "resources": [
    {
      "mode": "managed",
      "type": "github_repository",
      "name": "CS50-commerce-project",
      "provider": "provider[\"registry.terraform.io/integrations/github\"]",
      "instances": [
        {
          "schema_version": 0,
          "attributes": {
            "allow_auto_merge": false,
            "allow_merge_commit": true,
            "allow_rebase_merge": true,
            "allow_squash_merge": true,
            "archive_on_destroy": null,
            "archived": false,
            "auto_init": false,
            "branches": [
              {
                "name": "master",
                "protected": false
              }
            ],
            "default_branch": "master",
            "delete_branch_on_merge": false,
            "description": "CS50 project for an auctions web app",
            "etag": "W/\"9d7099b99e29d9f5f57868a731bea12cfae286af2c324448374b89d286c5c913\"",
            "full_name": "pnappeh/CS50-commerce-project",
            "git_clone_url": "git://github.com/pnappeh/CS50-commerce-project.git",
            "gitignore_template": null,
            "has_downloads": true,
            "has_issues": true,
            "has_projects": true,
            "has_wiki": true,
            "homepage_url": "",
            "html_url": "https://github.com/pnappeh/CS50-commerce-project",
            "http_clone_url": "https://github.com/pnappeh/CS50-commerce-project.git",
            "id": "CS50-commerce-project",
            "ignore_vulnerability_alerts_during_read": null,
            "is_template": false,
            "license_template": null,
            "merge_commit_message": "PR_TITLE",
            "merge_commit_title": "MERGE_MESSAGE",
            "name": "CS50-commerce-project",
            "node_id": "MDEwOlJlcG9zaXRvcnkzMTk0NTE5ODE=",
            "pages": [],
            "private": false,
            "repo_id": 319451981,
            "squash_merge_commit_message": "COMMIT_MESSAGES",
            "squash_merge_commit_title": "COMMIT_OR_PR_TITLE",
            "ssh_clone_url": "git@github.com:pnappeh/CS50-commerce-project.git",
            "svn_url": "https://github.com/pnappeh/CS50-commerce-project",
            "template": [],
            "topics": [],
            "visibility": "public",
            "vulnerability_alerts": false
          },
          "sensitive_attributes": [],
          "private": "eyJzY2hlbWFfdmVyc2lvbiI6IjAifQ=="
        }
      ]
    },
    {
      "mode": "managed",
      "type": "github_repository",
      "name": "aave_brownie",
      "provider": "provider[\"registry.terraform.io/integrations/github\"]",
      "instances": [
        {
          "schema_version": 0,
          "attributes": {
            "allow_auto_merge": false,
            "allow_merge_commit": true,
            "allow_rebase_merge": true,
            "allow_squash_merge": true,
            "archive_on_destroy": null,
            "archived": false,
            "auto_init": false,
            "branches": [
              {
                "name": "main",
                "protected": false
              }
            ],
            "default_branch": "main",
            "delete_branch_on_merge": false,
            "description": "",
            "etag": "W/\"2ca3e535ffa1e90132334d30b461380fbad7466e5a049d93a94cb320a238f4d8\"",
            "full_name": "pnappeh/aave_brownie",
            "git_clone_url": "git://github.com/pnappeh/aave_brownie.git",
            "gitignore_template": null,
            "has_downloads": true,
            "has_issues": true,
            "has_projects": true,
            "has_wiki": true,
            "homepage_url": "",
            "html_url": "https://github.com/pnappeh/aave_brownie",
            "http_clone_url": "https://github.com/pnappeh/aave_brownie.git",
            "id": "aave_brownie",
            "ignore_vulnerability_alerts_during_read": null,
            "is_template": false,
            "license_template": null,
            "merge_commit_message": "PR_TITLE",
            "merge_commit_title": "MERGE_MESSAGE",
            "name": "aave_brownie",
            "node_id": "R_kgDOHUKNsQ",
            "pages": [],
            "private": false,
            "repo_id": 490900913,
            "squash_merge_commit_message": "COMMIT_MESSAGES",
            "squash_merge_commit_title": "COMMIT_OR_PR_TITLE",
            "ssh_clone_url": "git@github.com:pnappeh/aave_brownie.git",
            "svn_url": "https://github.com/pnappeh/aave_brownie",
            "template": [],
            "topics": [],
            "visibility": "public",
            "vulnerability_alerts": false
          },
          "sensitive_attributes": [],
          "private": "eyJzY2hlbWFfdmVyc2lvbiI6IjAifQ=="
        }
      ]
    },
    {
      "mode": "managed",
      "type": "github_repository",
      "name": "brownie_fund_me",
      "provider": "provider[\"registry.terraform.io/integrations/github\"]",
      "instances": [
        {
          "schema_version": 0,
          "attributes": {
            "allow_auto_merge": false,
            "allow_merge_commit": true,
            "allow_rebase_merge": true,
            "allow_squash_merge": true,
            "archive_on_destroy": null,
            "archived": false,
            "auto_init": false,
            "branches": [
              {
                "name": "main",
                "protected": false
              }
            ],
            "default_branch": "main",
            "delete_branch_on_merge": false,
            "description": "Smart Contract Application",
            "etag": "W/\"6495d02b16ff2b7811b921cc0de9c2be1247a9cbe7e60a33aa63147a9f2e9380\"",
            "full_name": "pnappeh/brownie_fund_me",
            "git_clone_url": "git://github.com/pnappeh/brownie_fund_me.git",
            "gitignore_template": null,
            "has_downloads": true,
            "has_issues": true,
            "has_projects": true,
            "has_wiki": true,
            "homepage_url": "",
            "html_url": "https://github.com/pnappeh/brownie_fund_me",
            "http_clone_url": "https://github.com/pnappeh/brownie_fund_me.git",
            "id": "brownie_fund_me",
            "ignore_vulnerability_alerts_during_read": null,
            "is_template": false,
            "license_template": null,
            "merge_commit_message": "PR_TITLE",
            "merge_commit_title": "MERGE_MESSAGE",
            "name": "brownie_fund_me",
            "node_id": "R_kgDOHP4R_A",
            "pages": [],
            "private": false,
            "repo_id": 486412796,
            "squash_merge_commit_message": "COMMIT_MESSAGES",
            "squash_merge_commit_title": "COMMIT_OR_PR_TITLE",
            "ssh_clone_url": "git@github.com:pnappeh/brownie_fund_me.git",
            "svn_url": "https://github.com/pnappeh/brownie_fund_me",
            "template": [],
            "topics": [
              "brownie",
              "chainlink",
              "python",
              "solidity"
            ],
            "visibility": "public",
            "vulnerability_alerts": false
          },
          "sensitive_attributes": [],
          "private": "eyJzY2hlbWFfdmVyc2lvbiI6IjAifQ=="
        }
      ]
    },
    {
      "mode": "managed",
      "type": "github_repository",
      "name": "defi-stake-yield-brownie",
      "provider": "provider[\"registry.terraform.io/integrations/github\"]",
      "instances": [
        {
          "schema_version": 0,
          "attributes": {
            "allow_auto_merge": false,
            "allow_merge_commit": true,
            "allow_rebase_merge": true,
            "allow_squash_merge": true,
            "archive_on_destroy": null,
            "archived": false,
            "auto_init": false,
            "branches": [
              {
                "name": "main",
                "protected": false
              }
            ],
            "default_branch": "main",
            "delete_branch_on_merge": false,
            "description": "Defi stake Yield app with Brownie",
            "etag": "W/\"a0702d09d2046aa668eaa260a5a9b90fc39e332e71e80abf8c56e0183a2d7fe8\"",
            "full_name": "pnappeh/defi-stake-yield-brownie",
            "git_clone_url": "git://github.com/pnappeh/defi-stake-yield-brownie.git",
            "gitignore_template": null,
            "has_downloads": true,
            "has_issues": true,
            "has_projects": true,
            "has_wiki": true,
            "homepage_url": "",
            "html_url": "https://github.com/pnappeh/defi-stake-yield-brownie",
            "http_clone_url": "https://github.com/pnappeh/defi-stake-yield-brownie.git",
            "id": "defi-stake-yield-brownie",
            "ignore_vulnerability_alerts_during_read": null,
            "is_template": false,
            "license_template": "mit",
            "merge_commit_message": "PR_TITLE",
            "merge_commit_title": "MERGE_MESSAGE",
            "name": "defi-stake-yield-brownie",
            "node_id": "R_kgDOHYsH6Q",
            "pages": [],
            "private": false,
            "repo_id": 495650793,
            "squash_merge_commit_message": "COMMIT_MESSAGES",
            "squash_merge_commit_title": "COMMIT_OR_PR_TITLE",
            "ssh_clone_url": "git@github.com:pnappeh/defi-stake-yield-brownie.git",
            "svn_url": "https://github.com/pnappeh/defi-stake-yield-brownie",
            "template": [],
            "topics": [
              "brownie",
              "defi",
              "github",
              "python",
              "web3"
            ],
            "visibility": "public",
            "vulnerability_alerts": false
          },
          "sensitive_attributes": [],
          "private": "bnVsbA=="
        }
      ]
    },
    {
      "mode": "managed",
      "type": "github_repository",
      "name": "devops-intro-project",
      "provider": "provider[\"registry.terraform.io/integrations/github\"]",
      "instances": [
        {
          "schema_version": 0,
          "attributes": {
            "allow_auto_merge": false,
            "allow_merge_commit": true,
            "allow_rebase_merge": true,
            "allow_squash_merge": true,
            "archive_on_destroy": null,
            "archived": false,
            "auto_init": false,
            "branches": [
              {
                "name": "master",
                "protected": false
              }
            ],
            "default_branch": "master",
            "delete_branch_on_merge": false,
            "description": "Project files for Intro to DevOps class",
            "etag": "W/\"7d2e27cffec138e86716a45602a7a54ad52a41204368cb7faa370c7b446f0d55\"",
            "full_name": "pnappeh/devops-intro-project",
            "git_clone_url": "git://github.com/pnappeh/devops-intro-project.git",
            "gitignore_template": null,
            "has_downloads": true,
            "has_issues": false,
            "has_projects": true,
            "has_wiki": true,
            "homepage_url": "",
            "html_url": "https://github.com/pnappeh/devops-intro-project",
            "http_clone_url": "https://github.com/pnappeh/devops-intro-project.git",
            "id": "devops-intro-project",
            "ignore_vulnerability_alerts_during_read": null,
            "is_template": false,
            "license_template": null,
            "merge_commit_message": "PR_TITLE",
            "merge_commit_title": "MERGE_MESSAGE",
            "name": "devops-intro-project",
            "node_id": "R_kgDOGbsOOA",
            "pages": [],
            "private": false,
            "repo_id": 431689272,
            "squash_merge_commit_message": "COMMIT_MESSAGES",
            "squash_merge_commit_title": "COMMIT_OR_PR_TITLE",
            "ssh_clone_url": "git@github.com:pnappeh/devops-intro-project.git",
            "svn_url": "https://github.com/pnappeh/devops-intro-project",
            "template": [],
            "topics": [],
            "visibility": "public",
            "vulnerability_alerts": false
          },
          "sensitive_attributes": [],
          "private": "eyJzY2hlbWFfdmVyc2lvbiI6IjAifQ=="
        }
      ]
    },
    {
      "mode": "managed",
      "type": "github_repository",
      "name": "fast-floward",
      "provider": "provider[\"registry.terraform.io/integrations/github\"]",
      "instances": [
        {
          "schema_version": 0,
          "attributes": {
            "allow_auto_merge": false,
            "allow_merge_commit": true,
            "allow_rebase_merge": true,
            "allow_squash_merge": true,
            "archive_on_destroy": null,
            "archived": false,
            "auto_init": false,
            "branches": [
              {
                "name": "main",
                "protected": false
              }
            ],
            "default_branch": "main",
            "delete_branch_on_merge": false,
            "description": "Flast Floward bootcamp",
            "etag": "W/\"a0b842a36f8f05e7f9c1a4928ca82b05fbfb9fc395d62a1c75a803d8c6b1383c\"",
            "full_name": "pnappeh/fast-floward",
            "git_clone_url": "git://github.com/pnappeh/fast-floward.git",
            "gitignore_template": null,
            "has_downloads": true,
            "has_issues": true,
            "has_projects": true,
            "has_wiki": true,
            "homepage_url": "",
            "html_url": "https://github.com/pnappeh/fast-floward",
            "http_clone_url": "https://github.com/pnappeh/fast-floward.git",
            "id": "fast-floward",
            "ignore_vulnerability_alerts_during_read": null,
            "is_template": false,
            "license_template": null,
            "merge_commit_message": "PR_TITLE",
            "merge_commit_title": "MERGE_MESSAGE",
            "name": "fast-floward",
            "node_id": "MDEwOlJlcG9zaXRvcnkzOTAxNzExNDc=",
            "pages": [],
            "private": false,
            "repo_id": 390171147,
            "squash_merge_commit_message": "COMMIT_MESSAGES",
            "squash_merge_commit_title": "COMMIT_OR_PR_TITLE",
            "ssh_clone_url": "git@github.com:pnappeh/fast-floward.git",
            "svn_url": "https://github.com/pnappeh/fast-floward",
            "template": [],
            "topics": [],
            "visibility": "public",
            "vulnerability_alerts": false
          },
          "sensitive_attributes": [],
          "private": "eyJzY2hlbWFfdmVyc2lvbiI6IjAifQ=="
        }
      ]
    },
    {
      "mode": "managed",
      "type": "github_repository",
      "name": "kickstarter-solidity",
      "provider": "provider[\"registry.terraform.io/integrations/github\"]",
      "instances": [
        {
          "schema_version": 0,
          "attributes": {
            "allow_auto_merge": false,
            "allow_merge_commit": true,
            "allow_rebase_merge": true,
            "allow_squash_merge": true,
            "archive_on_destroy": null,
            "archived": false,
            "auto_init": false,
            "branches": [
              {
                "name": "main",
                "protected": false
              }
            ],
            "default_branch": "main",
            "delete_branch_on_merge": false,
            "description": "",
            "etag": "W/\"48d9c576e91c24ea6285d04054a2f6155567588156a9964d95fd58df6337a8ca\"",
            "full_name": "pnappeh/kickstarter-solidity",
            "git_clone_url": "git://github.com/pnappeh/kickstarter-solidity.git",
            "gitignore_template": null,
            "has_downloads": true,
            "has_issues": true,
            "has_projects": true,
            "has_wiki": true,
            "homepage_url": "",
            "html_url": "https://github.com/pnappeh/kickstarter-solidity",
            "http_clone_url": "https://github.com/pnappeh/kickstarter-solidity.git",
            "id": "kickstarter-solidity",
            "ignore_vulnerability_alerts_during_read": null,
            "is_template": false,
            "license_template": null,
            "merge_commit_message": "PR_TITLE",
            "merge_commit_title": "MERGE_MESSAGE",
            "name": "kickstarter-solidity",
            "node_id": "MDEwOlJlcG9zaXRvcnk0MDQwNTg2MjA=",
            "pages": [],
            "private": false,
            "repo_id": 404058620,
            "squash_merge_commit_message": "COMMIT_MESSAGES",
            "squash_merge_commit_title": "COMMIT_OR_PR_TITLE",
            "ssh_clone_url": "git@github.com:pnappeh/kickstarter-solidity.git",
            "svn_url": "https://github.com/pnappeh/kickstarter-solidity",
            "template": [],
            "topics": [],
            "visibility": "public",
            "vulnerability_alerts": false
          },
          "sensitive_attributes": [],
          "private": "eyJzY2hlbWFfdmVyc2lvbiI6IjAifQ=="
        }
      ]
    },
    {
      "mode": "managed",
      "type": "github_repository",
      "name": "lottery-react-solidity",
      "provider": "provider[\"registry.terraform.io/integrations/github\"]",
      "instances": [
        {
          "schema_version": 0,
          "attributes": {
            "allow_auto_merge": false,
            "allow_merge_commit": true,
            "allow_rebase_merge": true,
            "allow_squash_merge": true,
            "archive_on_destroy": null,
            "archived": false,
            "auto_init": false,
            "branches": [
              {
                "name": "master",
                "protected": false
              }
            ],
            "default_branch": "master",
            "delete_branch_on_merge": false,
            "description": "Function lottery app, where people can join and then the manager of the smart contract can pick a winner",
            "etag": "W/\"d44038b39c87f11bec84408e17c06287b8e4e9b93aab268b99db6d04517fe686\"",
            "full_name": "pnappeh/lottery-react-solidity",
            "git_clone_url": "git://github.com/pnappeh/lottery-react-solidity.git",
            "gitignore_template": null,
            "has_downloads": true,
            "has_issues": true,
            "has_projects": true,
            "has_wiki": true,
            "homepage_url": "",
            "html_url": "https://github.com/pnappeh/lottery-react-solidity",
            "http_clone_url": "https://github.com/pnappeh/lottery-react-solidity.git",
            "id": "lottery-react-solidity",
            "ignore_vulnerability_alerts_during_read": null,
            "is_template": false,
            "license_template": null,
            "merge_commit_message": "PR_TITLE",
            "merge_commit_title": "MERGE_MESSAGE",
            "name": "lottery-react-solidity",
            "node_id": "MDEwOlJlcG9zaXRvcnkzOTU0NzM1ODU=",
            "pages": [],
            "private": false,
            "repo_id": 395473585,
            "squash_merge_commit_message": "COMMIT_MESSAGES",
            "squash_merge_commit_title": "COMMIT_OR_PR_TITLE",
            "ssh_clone_url": "git@github.com:pnappeh/lottery-react-solidity.git",
            "svn_url": "https://github.com/pnappeh/lottery-react-solidity",
            "template": [],
            "topics": [],
            "visibility": "public",
            "vulnerability_alerts": false
          },
          "sensitive_attributes": [],
          "private": "eyJzY2hlbWFfdmVyc2lvbiI6IjAifQ=="
        }
      ]
    },
    {
      "mode": "managed",
      "type": "github_repository",
      "name": "nft-demo",
      "provider": "provider[\"registry.terraform.io/integrations/github\"]",
      "instances": [
        {
          "schema_version": 0,
          "attributes": {
            "allow_auto_merge": false,
            "allow_merge_commit": true,
            "allow_rebase_merge": true,
            "allow_squash_merge": true,
            "archive_on_destroy": null,
            "archived": false,
            "auto_init": false,
            "branches": [
              {
                "name": "main",
                "protected": false
              }
            ],
            "default_branch": "main",
            "delete_branch_on_merge": false,
            "description": "",
            "etag": "W/\"6ce7f0fe278bcd1b59ab1aa028eb4967c5a8bb958fcd05e402bbf17bdf1961c3\"",
            "full_name": "pnappeh/nft-demo",
            "git_clone_url": "git://github.com/pnappeh/nft-demo.git",
            "gitignore_template": null,
            "has_downloads": true,
            "has_issues": true,
            "has_projects": true,
            "has_wiki": true,
            "homepage_url": "",
            "html_url": "https://github.com/pnappeh/nft-demo",
            "http_clone_url": "https://github.com/pnappeh/nft-demo.git",
            "id": "nft-demo",
            "ignore_vulnerability_alerts_during_read": null,
            "is_template": false,
            "license_template": null,
            "merge_commit_message": "PR_TITLE",
            "merge_commit_title": "MERGE_MESSAGE",
            "name": "nft-demo",
            "node_id": "R_kgDOHVzU_A",
            "pages": [],
            "private": false,
            "repo_id": 492623100,
            "squash_merge_commit_message": "COMMIT_MESSAGES",
            "squash_merge_commit_title": "COMMIT_OR_PR_TITLE",
            "ssh_clone_url": "git@github.com:pnappeh/nft-demo.git",
            "svn_url": "https://github.com/pnappeh/nft-demo",
            "template": [],
            "topics": [],
            "visibility": "public",
            "vulnerability_alerts": false
          },
          "sensitive_attributes": [],
          "private": "eyJzY2hlbWFfdmVyc2lvbiI6IjAifQ=="
        }
      ]
    },
    {
      "mode": "managed",
      "type": "github_repository",
      "name": "nft-marketplace-nd",
      "provider": "provider[\"registry.terraform.io/integrations/github\"]",
      "instances": [
        {
          "schema_version": 0,
          "attributes": {
            "allow_auto_merge": false,
            "allow_merge_commit": true,
            "allow_rebase_merge": true,
            "allow_squash_merge": true,
            "archive_on_destroy": null,
            "archived": false,
            "auto_init": false,
            "branches": [
              {
                "name": "master",
                "protected": false
              }
            ],
            "default_branch": "master",
            "delete_branch_on_merge": false,
            "description": "",
            "etag": "W/\"775e7d590dbf346e9867be94043a6b08c60b3fa2b6caf83023d4652adcafbdaa\"",
            "full_name": "pnappeh/nft-marketplace-nd",
            "git_clone_url": "git://github.com/pnappeh/nft-marketplace-nd.git",
            "gitignore_template": null,
            "has_downloads": true,
            "has_issues": true,
            "has_projects": true,
            "has_wiki": true,
            "homepage_url": "",
            "html_url": "https://github.com/pnappeh/nft-marketplace-nd",
            "http_clone_url": "https://github.com/pnappeh/nft-marketplace-nd.git",
            "id": "nft-marketplace-nd",
            "ignore_vulnerability_alerts_during_read": null,
            "is_template": false,
            "license_template": null,
            "merge_commit_message": "PR_TITLE",
            "merge_commit_title": "MERGE_MESSAGE",
            "name": "nft-marketplace-nd",
            "node_id": "R_kgDOG3orfw",
            "pages": [],
            "private": false,
            "repo_id": 460991359,
            "squash_merge_commit_message": "COMMIT_MESSAGES",
            "squash_merge_commit_title": "COMMIT_OR_PR_TITLE",
            "ssh_clone_url": "git@github.com:pnappeh/nft-marketplace-nd.git",
            "svn_url": "https://github.com/pnappeh/nft-marketplace-nd",
            "template": [],
            "topics": [],
            "visibility": "public",
            "vulnerability_alerts": false
          },
          "sensitive_attributes": [],
          "private": "eyJzY2hlbWFfdmVyc2lvbiI6IjAifQ=="
        }
      ]
    },
    {
      "mode": "managed",
      "type": "github_repository",
      "name": "smart_contract_lottery",
      "provider": "provider[\"registry.terraform.io/integrations/github\"]",
      "instances": [
        {
          "schema_version": 0,
          "attributes": {
            "allow_auto_merge": false,
            "allow_merge_commit": true,
            "allow_rebase_merge": true,
            "allow_squash_merge": true,
            "archive_on_destroy": null,
            "archived": false,
            "auto_init": false,
            "branches": [
              {
                "name": "main",
                "protected": false
              },
              {
                "name": "master",
                "protected": false
              }
            ],
            "default_branch": "main",
            "delete_branch_on_merge": false,
            "description": "",
            "etag": "W/\"a1bc89e6f9d71270ef2a8424be5e85349617f034783af6145991febed46d3355\"",
            "full_name": "pnappeh/smart_contract_lottery",
            "git_clone_url": "git://github.com/pnappeh/smart_contract_lottery.git",
            "gitignore_template": null,
            "has_downloads": true,
            "has_issues": true,
            "has_projects": true,
            "has_wiki": true,
            "homepage_url": "",
            "html_url": "https://github.com/pnappeh/smart_contract_lottery",
            "http_clone_url": "https://github.com/pnappeh/smart_contract_lottery.git",
            "id": "smart_contract_lottery",
            "ignore_vulnerability_alerts_during_read": null,
            "is_template": false,
            "license_template": null,
            "merge_commit_message": "PR_TITLE",
            "merge_commit_title": "MERGE_MESSAGE",
            "name": "smart_contract_lottery",
            "node_id": "R_kgDOHUKIjw",
            "pages": [],
            "private": false,
            "repo_id": 490899599,
            "squash_merge_commit_message": "COMMIT_MESSAGES",
            "squash_merge_commit_title": "COMMIT_OR_PR_TITLE",
            "ssh_clone_url": "git@github.com:pnappeh/smart_contract_lottery.git",
            "svn_url": "https://github.com/pnappeh/smart_contract_lottery",
            "template": [],
            "topics": [],
            "visibility": "public",
            "vulnerability_alerts": false
          },
          "sensitive_attributes": [],
          "private": "eyJzY2hlbWFfdmVyc2lvbiI6IjAifQ=="
        }
      ]
    },
    {
      "mode": "managed",
      "type": "github_repository",
      "name": "supermarket-scraping",
      "provider": "provider[\"registry.terraform.io/integrations/github\"]",
      "instances": [
        {
          "schema_version": 0,
          "attributes": {
            "allow_auto_merge": false,
            "allow_merge_commit": true,
            "allow_rebase_merge": true,
            "allow_squash_merge": true,
            "archive_on_destroy": null,
            "archived": false,
            "auto_init": false,
            "branches": [
              {
                "name": "main",
                "protected": false
              }
            ],
            "default_branch": "main",
            "delete_branch_on_merge": false,
            "description": "Comparing supermarket products in a single web app through web scraping.",
            "etag": "W/\"c531ab3e7638e54f91992cc9928852e9fdf3a3681fa012c37e3a1ef8f23ab73c\"",
            "full_name": "pnappeh/supermarket-scraping",
            "git_clone_url": "git://github.com/pnappeh/supermarket-scraping.git",
            "gitignore_template": null,
            "has_downloads": true,
            "has_issues": true,
            "has_projects": true,
            "has_wiki": true,
            "homepage_url": "",
            "html_url": "https://github.com/pnappeh/supermarket-scraping",
            "http_clone_url": "https://github.com/pnappeh/supermarket-scraping.git",
            "id": "supermarket-scraping",
            "ignore_vulnerability_alerts_during_read": null,
            "is_template": false,
            "license_template": null,
            "merge_commit_message": "PR_TITLE",
            "merge_commit_title": "MERGE_MESSAGE",
            "name": "supermarket-scraping",
            "node_id": "MDEwOlJlcG9zaXRvcnkzMTk0NDY5NjA=",
            "pages": [],
            "private": false,
            "repo_id": 319446960,
            "squash_merge_commit_message": "COMMIT_MESSAGES",
            "squash_merge_commit_title": "COMMIT_OR_PR_TITLE",
            "ssh_clone_url": "git@github.com:pnappeh/supermarket-scraping.git",
            "svn_url": "https://github.com/pnappeh/supermarket-scraping",
            "template": [],
            "topics": [],
            "visibility": "public",
            "vulnerability_alerts": false
          },
          "sensitive_attributes": [],
          "private": "eyJzY2hlbWFfdmVyc2lvbiI6IjAifQ=="
        }
      ]
    },
    {
      "mode": "managed",
      "type": "github_repository",
      "name": "terra-liquidation-price",
      "provider": "provider[\"registry.terraform.io/integrations/github\"]",
      "instances": [
        {
          "schema_version": 0,
          "attributes": {
            "allow_auto_merge": false,
            "allow_merge_commit": true,
            "allow_rebase_merge": true,
            "allow_squash_merge": true,
            "archive_on_destroy": null,
            "archived": false,
            "auto_init": false,
            "branches": [
              {
                "name": "master",
                "protected": false
              }
            ],
            "default_branch": "master",
            "delete_branch_on_merge": false,
            "description": "",
            "etag": "W/\"b8a923f5137eebc056359ab394c9910002f7aeb00515e55ae78315033e9d9d5f\"",
            "full_name": "pnappeh/terra-liquidation-price",
            "git_clone_url": "git://github.com/pnappeh/terra-liquidation-price.git",
            "gitignore_template": null,
            "has_downloads": true,
            "has_issues": true,
            "has_projects": true,
            "has_wiki": true,
            "homepage_url": "",
            "html_url": "https://github.com/pnappeh/terra-liquidation-price",
            "http_clone_url": "https://github.com/pnappeh/terra-liquidation-price.git",
            "id": "terra-liquidation-price",
            "ignore_vulnerability_alerts_during_read": null,
            "is_template": false,
            "license_template": null,
            "merge_commit_message": "PR_TITLE",
            "merge_commit_title": "MERGE_MESSAGE",
            "name": "terra-liquidation-price",
            "node_id": "MDEwOlJlcG9zaXRvcnk0MDM0NjMxOTU=",
            "pages": [],
            "private": false,
            "repo_id": 403463195,
            "squash_merge_commit_message": "COMMIT_MESSAGES",
            "squash_merge_commit_title": "COMMIT_OR_PR_TITLE",
            "ssh_clone_url": "git@github.com:pnappeh/terra-liquidation-price.git",
            "svn_url": "https://github.com/pnappeh/terra-liquidation-price",
            "template": [],
            "topics": [],
            "visibility": "public",
            "vulnerability_alerts": true
          },
          "sensitive_attributes": [],
          "private": "eyJzY2hlbWFfdmVyc2lvbiI6IjAifQ=="
        }
      ]
    },
    {
      "mode": "managed",
      "type": "github_repository",
      "name": "test-repo",
      "provider": "provider[\"registry.terraform.io/integrations/github\"]",
      "instances": [
        {
          "schema_version": 0,
          "attributes": {
            "allow_auto_merge": false,
            "allow_merge_commit": true,
            "allow_rebase_merge": true,
            "allow_squash_merge": true,
            "archive_on_destroy": null,
            "archived": false,
            "auto_init": null,
            "branches": [
              {
                "name": "main",
                "protected": false
              }
            ],
            "default_branch": "main",
            "delete_branch_on_merge": false,
            "description": "Test repo from Terraform",
            "etag": "W/\"3c3abf36200069108073ed1a84e86efcef08b00159b73880ee5c97d27f79b840\"",
            "full_name": "pnappeh/test-repo",
            "git_clone_url": "git://github.com/pnappeh/test-repo.git",
            "gitignore_template": null,
            "has_downloads": false,
            "has_issues": false,
            "has_projects": false,
            "has_wiki": false,
            "homepage_url": "",
            "html_url": "https://github.com/pnappeh/test-repo",
            "http_clone_url": "https://github.com/pnappeh/test-repo.git",
            "id": "test-repo",
            "ignore_vulnerability_alerts_during_read": null,
            "is_template": false,
            "license_template": null,
            "merge_commit_message": "PR_TITLE",
            "merge_commit_title": "MERGE_MESSAGE",
            "name": "test-repo",
            "node_id": "R_kgDOJfuArg",
            "pages": [],
            "private": false,
            "repo_id": 637239470,
            "squash_merge_commit_message": "COMMIT_MESSAGES",
            "squash_merge_commit_title": "COMMIT_OR_PR_TITLE",
            "ssh_clone_url": "git@github.com:pnappeh/test-repo.git",
            "svn_url": "https://github.com/pnappeh/test-repo",
            "template": [
              {
                "owner": "tonylixu",
                "repository": "python-fastapi-template"
              }
            ],
            "topics": [],
            "visibility": "public",
            "vulnerability_alerts": false
          },
          "sensitive_attributes": [],
          "private": "bnVsbA=="
        }
      ]
    },
    {
      "mode": "managed",
      "type": "github_repository",
      "name": "test-repo2",
      "provider": "provider[\"registry.terraform.io/integrations/github\"]",
      "instances": [
        {
          "schema_version": 0,
          "attributes": {
            "allow_auto_merge": false,
            "allow_merge_commit": true,
            "allow_rebase_merge": true,
            "allow_squash_merge": true,
            "archive_on_destroy": null,
            "archived": false,
            "auto_init": null,
            "branches": [
              {
                "name": "main",
                "protected": false
              }
            ],
            "default_branch": "main",
            "delete_branch_on_merge": false,
            "description": "Test repo 2 from Terraform",
            "etag": "W/\"bcdb55a1d5f866a3b000f701bd37c802b1e6680196049735bbca21a562dc057f\"",
            "full_name": "pnappeh/test-repo2",
            "git_clone_url": "git://github.com/pnappeh/test-repo2.git",
            "gitignore_template": null,
            "has_downloads": false,
            "has_issues": false,
            "has_projects": false,
            "has_wiki": false,
            "homepage_url": "",
            "html_url": "https://github.com/pnappeh/test-repo2",
            "http_clone_url": "https://github.com/pnappeh/test-repo2.git",
            "id": "test-repo2",
            "ignore_vulnerability_alerts_during_read": null,
            "is_template": false,
            "license_template": null,
            "merge_commit_message": "PR_TITLE",
            "merge_commit_title": "MERGE_MESSAGE",
            "name": "test-repo2",
            "node_id": "R_kgDOJfuEYw",
            "pages": [],
            "private": false,
            "repo_id": 637240419,
            "squash_merge_commit_message": "COMMIT_MESSAGES",
            "squash_merge_commit_title": "COMMIT_OR_PR_TITLE",
            "ssh_clone_url": "git@github.com:pnappeh/test-repo2.git",
            "svn_url": "https://github.com/pnappeh/test-repo2",
            "template": [
              {
                "owner": "tonylixu",
                "repository": "python-script-template"
              }
            ],
            "topics": null,
            "visibility": "public",
            "vulnerability_alerts": false
          },
          "sensitive_attributes": [],
          "private": "bnVsbA=="
        }
      ]
    },
    {
      "mode": "managed",
      "type": "github_repository",
      "name": "upgrade-demo",
      "provider": "provider[\"registry.terraform.io/integrations/github\"]",
      "instances": [
        {
          "schema_version": 0,
          "attributes": {
            "allow_auto_merge": false,
            "allow_merge_commit": true,
            "allow_rebase_merge": true,
            "allow_squash_merge": true,
            "archive_on_destroy": null,
            "archived": false,
            "auto_init": false,
            "branches": [
              {
                "name": "main",
                "protected": false
              }
            ],
            "default_branch": "main",
            "delete_branch_on_merge": false,
            "description": "",
            "etag": "W/\"6199b5f71280050084b01dd63d2555fe43ffe7986327793a19433c769ca3e772\"",
            "full_name": "pnappeh/upgrade-demo",
            "git_clone_url": "git://github.com/pnappeh/upgrade-demo.git",
            "gitignore_template": null,
            "has_downloads": true,
            "has_issues": true,
            "has_projects": true,
            "has_wiki": true,
            "homepage_url": "",
            "html_url": "https://github.com/pnappeh/upgrade-demo",
            "http_clone_url": "https://github.com/pnappeh/upgrade-demo.git",
            "id": "upgrade-demo",
            "ignore_vulnerability_alerts_during_read": null,
            "is_template": false,
            "license_template": null,
            "merge_commit_message": "PR_TITLE",
            "merge_commit_title": "MERGE_MESSAGE",
            "name": "upgrade-demo",
            "node_id": "R_kgDOHYO_yg",
            "pages": [],
            "private": false,
            "repo_id": 495173578,
            "squash_merge_commit_message": "COMMIT_MESSAGES",
            "squash_merge_commit_title": "COMMIT_OR_PR_TITLE",
            "ssh_clone_url": "git@github.com:pnappeh/upgrade-demo.git",
            "svn_url": "https://github.com/pnappeh/upgrade-demo",
            "template": [],
            "topics": [],
            "visibility": "public",
            "vulnerability_alerts": false
          },
          "sensitive_attributes": [],
          "private": "eyJzY2hlbWFfdmVyc2lvbiI6IjAifQ=="
        }
      ]
    },
    {
      "mode": "managed",
      "type": "github_repository",
      "name": "youtube-react",
      "provider": "provider[\"registry.terraform.io/integrations/github\"]",
      "instances": [
        {
          "schema_version": 0,
          "attributes": {
            "allow_auto_merge": false,
            "allow_merge_commit": true,
            "allow_rebase_merge": true,
            "allow_squash_merge": true,
            "archive_on_destroy": null,
            "archived": false,
            "auto_init": false,
            "branches": [
              {
                "name": "master",
                "protected": false
              }
            ],
            "default_branch": "master",
            "delete_branch_on_merge": false,
            "description": "App made with react to watch videos, search and have a list of videos every time the user search.",
            "etag": "W/\"e852abd379c1d875d96498e9a6926f4231b55d04fcdda4e4a933bf89bdae1f73\"",
            "full_name": "pnappeh/youtube-react",
            "git_clone_url": "git://github.com/pnappeh/youtube-react.git",
            "gitignore_template": null,
            "has_downloads": true,
            "has_issues": true,
            "has_projects": true,
            "has_wiki": true,
            "homepage_url": "",
            "html_url": "https://github.com/pnappeh/youtube-react",
            "http_clone_url": "https://github.com/pnappeh/youtube-react.git",
            "id": "youtube-react",
            "ignore_vulnerability_alerts_during_read": null,
            "is_template": false,
            "license_template": null,
            "merge_commit_message": "PR_TITLE",
            "merge_commit_title": "MERGE_MESSAGE",
            "name": "youtube-react",
            "node_id": "MDEwOlJlcG9zaXRvcnkzOTQ0OTQwNzM=",
            "pages": [],
            "private": false,
            "repo_id": 394494073,
            "squash_merge_commit_message": "COMMIT_MESSAGES",
            "squash_merge_commit_title": "COMMIT_OR_PR_TITLE",
            "ssh_clone_url": "git@github.com:pnappeh/youtube-react.git",
            "svn_url": "https://github.com/pnappeh/youtube-react",
            "template": [],
            "topics": [],
            "visibility": "public",
            "vulnerability_alerts": false
          },
          "sensitive_attributes": [],
          "private": "eyJzY2hlbWFfdmVyc2lvbiI6IjAifQ=="
        }
      ]
    }
  ],
  "check_results": null
}
